
Microsoft Visual Studio Solution File, Format Version 12.00
# Visual Studio Version 16
VisualStudioVersion = 16.0.29001.49
MinimumVisualStudioVersion = 10.0.40219.1
Project("{888888A0-9F3D-457C-B088-3A5042F75D52}") = "AutoML_v1", "AutoML_v1.pyproj", "{D5F4CE88-0836-4E62-BA27-030E606B84D4}"
EndProject
Global
	GlobalSection(SolutionConfigurationPlatforms) = preSolution
		Debug|Any CPU = Debug|Any CPU
		Release|Any CPU = Release|Any CPU
	EndGlobalSection
	GlobalSection(ProjectConfigurationPlatforms) = postSolution
		{D5F4CE88-0836-4E62-BA27-030E606B84D4}.Debug|Any CPU.ActiveCfg = Debug|Any CPU
		{D5F4CE88-0836-4E62-BA27-030E606B84D4}.Release|Any CPU.ActiveCfg = Release|Any CPU
	EndGlobalSection
	GlobalSection(SolutionProperties) = preSolution
		HideSolutionNode = FALSE
	EndGlobalSection
	GlobalSection(ExtensibilityGlobals) = postSolution
		SolutionGuid = {37CF337B-BB1A-4699-AFA0-6E5A2620034F}
	EndGlobalSection
EndGlobal
